
Microsoft Visual Studio Solution File, Format Version 12.00
# Visual Studio Version 17
VisualStudioVersion = 17.1.32421.90
MinimumVisualStudioVersion = 10.0.40219.1
Project("{9A19103F-16F7-4668-BE54-9A1E7A4F7556}") = "WebApplication1", "WebApplication1\WebApplication1.csproj", "{5DE8CB68-A266-4B5A-B1CF-CC0A59C364A9}"
EndProject
Project("{00D1A9C2-B5F0-4AF3-8072-F6C62B433612}") = "LocalizerDB", "..\LocalizerDB\LocalizerDB.sqlproj", "{2A9EF382-9272-456F-9D74-8F2573FA5081}"
EndProject
Global
	GlobalSection(SolutionConfigurationPlatforms) = preSolution
		Debug|Any CPU = Debug|Any CPU
		Release|Any CPU = Release|Any CPU
	EndGlobalSection
	GlobalSection(ProjectConfigurationPlatforms) = postSolution
		{5DE8CB68-A266-4B5A-B1CF-CC0A59C364A9}.Debug|Any CPU.ActiveCfg = Debug|Any CPU
		{5DE8CB68-A266-4B5A-B1CF-CC0A59C364A9}.Debug|Any CPU.Build.0 = Debug|Any CPU
		{5DE8CB68-A266-4B5A-B1CF-CC0A59C364A9}.Release|Any CPU.ActiveCfg = Release|Any CPU
		{5DE8CB68-A266-4B5A-B1CF-CC0A59C364A9}.Release|Any CPU.Build.0 = Release|Any CPU
		{2A9EF382-9272-456F-9D74-8F2573FA5081}.Debug|Any CPU.ActiveCfg = Debug|Any CPU
		{2A9EF382-9272-456F-9D74-8F2573FA5081}.Debug|Any CPU.Build.0 = Debug|Any CPU
		{2A9EF382-9272-456F-9D74-8F2573FA5081}.Debug|Any CPU.Deploy.0 = Debug|Any CPU
		{2A9EF382-9272-456F-9D74-8F2573FA5081}.Release|Any CPU.ActiveCfg = Release|Any CPU
		{2A9EF382-9272-456F-9D74-8F2573FA5081}.Release|Any CPU.Build.0 = Release|Any CPU
		{2A9EF382-9272-456F-9D74-8F2573FA5081}.Release|Any CPU.Deploy.0 = Release|Any CPU
	EndGlobalSection
	GlobalSection(SolutionProperties) = preSolution
		HideSolutionNode = FALSE
	EndGlobalSection
	GlobalSection(ExtensibilityGlobals) = postSolution
		SolutionGuid = {EAAEFD4B-5943-453B-9B39-E3A49771E766}
	EndGlobalSection
EndGlobal
